{
  "name": "the-west-marches",
  "version": "1.0.0",
  "lockfileVersion": 1,
  "requires": true,
  "dependencies": {
    "async-limiter": {
      "version": "1.0.1",
      "resolved": "http://10.1.101.2:8081/artifactory/api/npm/sovos-npm-virtual/async-limiter/-/async-limiter-1.0.1.tgz",
      "integrity": "sha1-3TeelPDbgxCwgpH51kwyCXZmF/0="
    },
    "discord.js": {
      "version": "11.5.1",
      "resolved": "http://10.1.101.2:8081/artifactory/api/npm/sovos-npm-virtual/discord.js/-/discord.js-11.5.1.tgz",
      "integrity": "sha1-kQ+59kEDKFgQk+BEyvtmF4Ok2eg=",
      "requires": {
        "long": "4.0.0",
        "prism-media": "0.0.3",
        "snekfetch": "3.6.4",
        "tweetnacl": "1.0.1",
        "ws": "6.2.1"
      }
    },
    "eslint-config-google": {
      "version": "0.13.0",
      "resolved": "http://10.1.101.2:8081/artifactory/api/npm/sovos-npm-virtual/eslint-config-google/-/eslint-config-google-0.13.0.tgz",
      "integrity": "sha1-4nfRbSyyXB/9P9E/sANa10ITgv4=",
      "dev": true
    },
    "long": {
      "version": "4.0.0",
      "resolved": "http://10.1.101.2:8081/artifactory/api/npm/sovos-npm-virtual/long/-/long-4.0.0.tgz",
      "integrity": "sha1-mntxz7fTYaGU6lVSQckvdGjVvyg="
    },
    "prism-media": {
      "version": "0.0.3",
      "resolved": "http://10.1.101.2:8081/artifactory/api/npm/sovos-npm-virtual/prism-media/-/prism-media-0.0.3.tgz",
      "integrity": "sha1-iELU+ugE8JnTtIqaOOPCurb0hVs="
    },
    "snekfetch": {
      "version": "3.6.4",
      "resolved": "http://10.1.101.2:8081/artifactory/api/npm/sovos-npm-virtual/snekfetch/-/snekfetch-3.6.4.tgz",
      "integrity": "sha1-0T6AphbYkvPTjarkKJ9NJYpkUSA="
    },
    "tweetnacl": {
      "version": "1.0.1",
      "resolved": "http://10.1.101.2:8081/artifactory/api/npm/sovos-npm-virtual/tweetnacl/-/tweetnacl-1.0.1.tgz",
      "integrity": "sha1-JZTULac80Da9DSpUaD3TWmtVyhc="
    },
    "ws": {
      "version": "6.2.1",
      "resolved": "http://10.1.101.2:8081/artifactory/api/npm/sovos-npm-virtual/ws/-/ws-6.2.1.tgz",
      "integrity": "sha1-RC/fCkftZPWbal2P8TD0dI7VJPs=",
      "requires": {
        "async-limiter": "1.0.1"
      }
    }
  }
}
